
Microsoft Visual Studio Solution File, Format Version 12.00
# Visual Studio Version 17
VisualStudioVersion = 17.14.36203.30
MinimumVisualStudioVersion = 10.0.40219.1
Project("{FAE04EC0-301F-11D3-BF4B-00C04F79EFBC}") = "SocialMediaMini.Shared", "SocialMediaMini.Shared\SocialMediaMini.Shared.csproj", "{6BC6BD79-048F-4F73-ACD1-84F8F44AFCCB}"
EndProject
Global
	GlobalSection(SolutionConfigurationPlatforms) = preSolution
		Debug|Any CPU = Debug|Any CPU
		Release|Any CPU = Release|Any CPU
	EndGlobalSection
	GlobalSection(ProjectConfigurationPlatforms) = postSolution
		{6BC6BD79-048F-4F73-ACD1-84F8F44AFCCB}.Debug|Any CPU.ActiveCfg = Debug|Any CPU
		{6BC6BD79-048F-4F73-ACD1-84F8F44AFCCB}.Debug|Any CPU.Build.0 = Debug|Any CPU
		{6BC6BD79-048F-4F73-ACD1-84F8F44AFCCB}.Release|Any CPU.ActiveCfg = Release|Any CPU
		{6BC6BD79-048F-4F73-ACD1-84F8F44AFCCB}.Release|Any CPU.Build.0 = Release|Any CPU
	EndGlobalSection
	GlobalSection(SolutionProperties) = preSolution
		HideSolutionNode = FALSE
	EndGlobalSection
	GlobalSection(ExtensibilityGlobals) = postSolution
		SolutionGuid = {DAB1418F-C598-4985-A882-4C7B5894BA8E}
	EndGlobalSection
EndGlobal
